// !$*UTF8*$!
{
	archiveVersion = 1;
	classes = {
	};
	objectVersion = 46;
	objects = {

/* Begin PBXBuildFile section */
		A7947DF2193F6F6500610FD2 /* Foundation.framework in Frameworks */ = {isa = PBXBuildFile; fileRef = A7947DF1193F6F6500610FD2 /* Foundation.framework */; };
		A7947DF4193F6F6500610FD2 /* CoreGraphics.framework in Frameworks */ = {isa = PBXBuildFile; fileRef = A7947DF3193F6F6500610FD2 /* CoreGraphics.framework */; };
		A7947DF6193F6F6500610FD2 /* UIKit.framework in Frameworks */ = {isa = PBXBuildFile; fileRef = A7947DF5193F6F6500610FD2 /* UIKit.framework */; };
		A7947DFC193F6F6500610FD2 /* InfoPlist.strings in Resources */ = {isa = PBXBuildFile; fileRef = A7947DFA193F6F6500610FD2 /* InfoPlist.strings */; };
		A7947DFE193F6F6500610FD2 /* main.m in Sources */ = {isa = PBXBuildFile; fileRef = A7947DFD193F6F6500610FD2 /* main.m */; };
		A7947E02193F6F6500610FD2 /* CardGameAppDelegate.m in Sources */ = {isa = PBXBuildFile; fileRef = A7947E01193F6F6500610FD2 /* CardGameAppDelegate.m */; };
		A7947E05193F6F6500610FD2 /* Main.storyboard in Resources */ = {isa = PBXBuildFile; fileRef = A7947E03193F6F6500610FD2 /* Main.storyboard */; };
		A7947E08193F6F6500610FD2 /* CardGameViewController.m in Sources */ = {isa = PBXBuildFile; fileRef = A7947E07193F6F6500610FD2 /* CardGameViewController.m */; };
		A7947E0A193F6F6500610FD2 /* Images.xcassets in Resources */ = {isa = PBXBuildFile; fileRef = A7947E09193F6F6500610FD2 /* Images.xcassets */; };
		A7947E11193F6F6500610FD2 /* XCTest.framework in Frameworks */ = {isa = PBXBuildFile; fileRef = A7947E10193F6F6500610FD2 /* XCTest.framework */; };
		A7947E12193F6F6500610FD2 /* Foundation.framework in Frameworks */ = {isa = PBXBuildFile; fileRef = A7947DF1193F6F6500610FD2 /* Foundation.framework */; };
		A7947E13193F6F6500610FD2 /* UIKit.framework in Frameworks */ = {isa = PBXBuildFile; fileRef = A7947DF5193F6F6500610FD2 /* UIKit.framework */; };
		A7947E1B193F6F6500610FD2 /* InfoPlist.strings in Resources */ = {isa = PBXBuildFile; fileRef = A7947E19193F6F6500610FD2 /* InfoPlist.strings */; };
		A7947E1D193F6F6500610FD2 /* MatchismoTests.m in Sources */ = {isa = PBXBuildFile; fileRef = A7947E1C193F6F6500610FD2 /* MatchismoTests.m */; };
		A7947E28193F85D800610FD2 /* Card.m in Sources */ = {isa = PBXBuildFile; fileRef = A7947E27193F85D800610FD2 /* Card.m */; };
		A7947EEF193FDAB200610FD2 /* PlayingCard.m in Sources */ = {isa = PBXBuildFile; fileRef = A7947EEE193FDAB200610FD2 /* PlayingCard.m */; };
		A7947EF2194011A000610FD2 /* Deck.m in Sources */ = {isa = PBXBuildFile; fileRef = A7947EF1194011A000610FD2 /* Deck.m */; };
/* End PBXBuildFile section */

/* Begin PBXContainerItemProxy section */
		A7947E14193F6F6500610FD2 /* PBXContainerItemProxy */ = {
			isa = PBXContainerItemProxy;
			containerPortal = A7947DE6193F6F6500610FD2 /* Project object */;
			proxyType = 1;
			remoteGlobalIDString = A7947DED193F6F6500610FD2;
			remoteInfo = Matchismo;
		};
/* End PBXContainerItemProxy section */

/* Begin PBXFileReference section */
		A7947DEE193F6F6500610FD2 /* Matchismo.app */ = {isa = PBXFileReference; explicitFileType = wrapper.application; includeInIndex = 0; path = Matchismo.app; sourceTree = BUILT_PRODUCTS_DIR; };
		A7947DF1193F6F6500610FD2 /* Foundation.framework */ = {isa = PBXFileReference; lastKnownFileType = wrapper.framework; name = Foundation.framework; path = System/Library/Frameworks/Foundation.framework; sourceTree = SDKROOT; };
		A7947DF3193F6F6500610FD2 /* CoreGraphics.framework */ = {isa = PBXFileReference; lastKnownFileType = wrapper.framework; name = CoreGraphics.framework; path = System/Library/Frameworks/CoreGraphics.framework; sourceTree = SDKROOT; };
		A7947DF5193F6F6500610FD2 /* UIKit.framework */ = {isa = PBXFileReference; lastKnownFileType = wrapper.framework; name = UIKit.framework; path = System/Library/Frameworks/UIKit.framework; sourceTree = SDKROOT; };
		A7947DF9193F6F6500610FD2 /* Matchismo-Info.plist */ = {isa = PBXFileReference; lastKnownFileType = text.plist.xml; path = "Matchismo-Info.plist"; sourceTree = "<group>"; };
		A7947DFB193F6F6500610FD2 /* en */ = {isa = PBXFileReference; lastKnownFileType = text.plist.strings; name = en; path = en.lproj/InfoPlist.strings; sourceTree = "<group>"; };
		A7947DFD193F6F6500610FD2 /* main.m */ = {isa = PBXFileReference; lastKnownFileType = sourcecode.c.objc; path = main.m; sourceTree = "<group>"; };
		A7947DFF193F6F6500610FD2 /* Matchismo-Prefix.pch */ = {isa = PBXFileReference; lastKnownFileType = sourcecode.c.h; path = "Matchismo-Prefix.pch"; sourceTree = "<group>"; };
		A7947E00193F6F6500610FD2 /* CardGameAppDelegate.h */ = {isa = PBXFileReference; lastKnownFileType = sourcecode.c.h; path = CardGameAppDelegate.h; sourceTree = "<group>"; };
		A7947E01193F6F6500610FD2 /* CardGameAppDelegate.m */ = {isa = PBXFileReference; lastKnownFileType = sourcecode.c.objc; path = CardGameAppDelegate.m; sourceTree = "<group>"; };
		A7947E04193F6F6500610FD2 /* Base */ = {isa = PBXFileReference; lastKnownFileType = file.storyboard; name = Base; path = Base.lproj/Main.storyboard; sourceTree = "<group>"; };
		A7947E06193F6F6500610FD2 /* CardGameViewController.h */ = {isa = PBXFileReference; lastKnownFileType = sourcecode.c.h; path = CardGameViewController.h; sourceTree = "<group>"; };
		A7947E07193F6F6500610FD2 /* CardGameViewController.m */ = {isa = PBXFileReference; lastKnownFileType = sourcecode.c.objc; path = CardGameViewController.m; sourceTree = "<group>"; };
		A7947E09193F6F6500610FD2 /* Images.xcassets */ = {isa = PBXFileReference; lastKnownFileType = folder.assetcatalog; path = Images.xcassets; sourceTree = "<group>"; };
		A7947E0F193F6F6500610FD2 /* MatchismoTests.xctest */ = {isa = PBXFileReference; explicitFileType = wrapper.cfbundle; includeInIndex = 0; path = MatchismoTests.xctest; sourceTree = BUILT_PRODUCTS_DIR; };
		A7947E10193F6F6500610FD2 /* XCTest.framework */ = {isa = PBXFileReference; lastKnownFileType = wrapper.framework; name = XCTest.framework; path = Library/Frameworks/XCTest.framework; sourceTree = DEVELOPER_DIR; };
		A7947E18193F6F6500610FD2 /* MatchismoTests-Info.plist */ = {isa = PBXFileReference; lastKnownFileType = text.plist.xml; path = "MatchismoTests-Info.plist"; sourceTree = "<group>"; };
		A7947E1A193F6F6500610FD2 /* en */ = {isa = PBXFileReference; lastKnownFileType = text.plist.strings; name = en; path = en.lproj/InfoPlist.strings; sourceTree = "<group>"; };
		A7947E1C193F6F6500610FD2 /* MatchismoTests.m */ = {isa = PBXFileReference; lastKnownFileType = sourcecode.c.objc; path = MatchismoTests.m; sourceTree = "<group>"; };
		A7947E26193F85D800610FD2 /* Card.h */ = {isa = PBXFileReference; fileEncoding = 4; lastKnownFileType = sourcecode.c.h; name = Card.h; path = Model/Card.h; sourceTree = "<group>"; };
		A7947E27193F85D800610FD2 /* Card.m */ = {isa = PBXFileReference; fileEncoding = 4; lastKnownFileType = sourcecode.c.objc; name = Card.m; path = Model/Card.m; sourceTree = "<group>"; };
		A7947EED193FDAB200610FD2 /* PlayingCard.h */ = {isa = PBXFileReference; fileEncoding = 4; lastKnownFileType = sourcecode.c.h; name = PlayingCard.h; path = Model/PlayingCard.h; sourceTree = "<group>"; };
		A7947EEE193FDAB200610FD2 /* PlayingCard.m */ = {isa = PBXFileReference; fileEncoding = 4; lastKnownFileType = sourcecode.c.objc; name = PlayingCard.m; path = Model/PlayingCard.m; sourceTree = "<group>"; };
		A7947EF0194011A000610FD2 /* Deck.h */ = {isa = PBXFileReference; fileEncoding = 4; lastKnownFileType = sourcecode.c.h; name = Deck.h; path = Model/Deck.h; sourceTree = "<group>"; };
		A7947EF1194011A000610FD2 /* Deck.m */ = {isa = PBXFileReference; fileEncoding = 4; lastKnownFileType = sourcecode.c.objc; name = Deck.m; path = Model/Deck.m; sourceTree = "<group>"; };
/* End PBXFileReference section */

/* Begin PBXFrameworksBuildPhase section */
		A7947DEB193F6F6500610FD2 /* Frameworks */ = {
			isa = PBXFrameworksBuildPhase;
			buildActionMask = 2147483647;
			files = (
				A7947DF4193F6F6500610FD2 /* CoreGraphics.framework in Frameworks */,
				A7947DF6193F6F6500610FD2 /* UIKit.framework in Frameworks */,
				A7947DF2193F6F6500610FD2 /* Foundation.framework in Frameworks */,
			);
			runOnlyForDeploymentPostprocessing = 0;
		};
		A7947E0C193F6F6500610FD2 /* Frameworks */ = {
			isa = PBXFrameworksBuildPhase;
			buildActionMask = 2147483647;
			files = (
				A7947E11193F6F6500610FD2 /* XCTest.framework in Frameworks */,
				A7947E13193F6F6500610FD2 /* UIKit.framework in Frameworks */,
				A7947E12193F6F6500610FD2 /* Foundation.framework in Frameworks */,
			);
			runOnlyForDeploymentPostprocessing = 0;
		};
/* End PBXFrameworksBuildPhase section */

/* Begin PBXGroup section */
		A7947DE5193F6F6500610FD2 = {
			isa = PBXGroup;
			children = (
				A7947DF7193F6F6500610FD2 /* Matchismo */,
				A7947E16193F6F6500610FD2 /* MatchismoTests */,
				A7947DF0193F6F6500610FD2 /* Frameworks */,
				A7947DEF193F6F6500610FD2 /* Products */,
			);
			sourceTree = "<group>";
		};
		A7947DEF193F6F6500610FD2 /* Products */ = {
			isa = PBXGroup;
			children = (
				A7947DEE193F6F6500610FD2 /* Matchismo.app */,
				A7947E0F193F6F6500610FD2 /* MatchismoTests.xctest */,
			);
			name = Products;
			sourceTree = "<group>";
		};
		A7947DF0193F6F6500610FD2 /* Frameworks */ = {
			isa = PBXGroup;
			children = (
				A7947DF1193F6F6500610FD2 /* Foundation.framework */,
				A7947DF3193F6F6500610FD2 /* CoreGraphics.framework */,
				A7947DF5193F6F6500610FD2 /* UIKit.framework */,
				A7947E10193F6F6500610FD2 /* XCTest.framework */,
			);
			name = Frameworks;
			sourceTree = "<group>";
		};
		A7947DF7193F6F6500610FD2 /* Matchismo */ = {
			isa = PBXGroup;
			children = (
				A7947E03193F6F6500610FD2 /* Main.storyboard */,
				A7947E06193F6F6500610FD2 /* CardGameViewController.h */,
				A7947E07193F6F6500610FD2 /* CardGameViewController.m */,
				A7947E29193F9CAB00610FD2 /* Model */,
				A7947E09193F6F6500610FD2 /* Images.xcassets */,
				A7947DF8193F6F6500610FD2 /* Supporting Files */,
			);
			path = Matchismo;
			sourceTree = "<group>";
		};
		A7947DF8193F6F6500610FD2 /* Supporting Files */ = {
			isa = PBXGroup;
			children = (
				A7947E00193F6F6500610FD2 /* CardGameAppDelegate.h */,
				A7947E01193F6F6500610FD2 /* CardGameAppDelegate.m */,
				A7947DF9193F6F6500610FD2 /* Matchismo-Info.plist */,
				A7947DFA193F6F6500610FD2 /* InfoPlist.strings */,
				A7947DFD193F6F6500610FD2 /* main.m */,
				A7947DFF193F6F6500610FD2 /* Matchismo-Prefix.pch */,
			);
			name = "Supporting Files";
			sourceTree = "<group>";
		};
		A7947E16193F6F6500610FD2 /* MatchismoTests */ = {
			isa = PBXGroup;
			children = (
				A7947E1C193F6F6500610FD2 /* MatchismoTests.m */,
				A7947E17193F6F6500610FD2 /* Supporting Files */,
			);
			path = MatchismoTests;
			sourceTree = "<group>";
		};
		A7947E17193F6F6500610FD2 /* Supporting Files */ = {
			isa = PBXGroup;
			children = (
				A7947E18193F6F6500610FD2 /* MatchismoTests-Info.plist */,
				A7947E19193F6F6500610FD2 /* InfoPlist.strings */,
			);
			name = "Supporting Files";
			sourceTree = "<group>";
		};
		A7947E29193F9CAB00610FD2 /* Model */ = {
			isa = PBXGroup;
			children = (
				A7947E26193F85D800610FD2 /* Card.h */,
				A7947E27193F85D800610FD2 /* Card.m */,
				A7947EED193FDAB200610FD2 /* PlayingCard.h */,
				A7947EEE193FDAB200610FD2 /* PlayingCard.m */,
				A7947EF0194011A000610FD2 /* Deck.h */,
				A7947EF1194011A000610FD2 /* Deck.m */,
			);
			name = Model;
			sourceTree = "<group>";
		};
/* End PBXGroup section */

/* Begin PBXNativeTarget section */
		A7947DED193F6F6500610FD2 /* Matchismo */ = {
			isa = PBXNativeTarget;
			buildConfigurationList = A7947E20193F6F6500610FD2 /* Build configuration list for PBXNativeTarget "Matchismo" */;
			buildPhases = (
				A7947DEA193F6F6500610FD2 /* Sources */,
				A7947DEB193F6F6500610FD2 /* Frameworks */,
				A7947DEC193F6F6500610FD2 /* Resources */,
			);
			buildRules = (
			);
			dependencies = (
			);
			name = Matchismo;
			productName = Matchismo;
			productReference = A7947DEE193F6F6500610FD2 /* Matchismo.app */;
			productType = "com.apple.product-type.application";
		};
		A7947E0E193F6F6500610FD2 /* MatchismoTests */ = {
			isa = PBXNativeTarget;
			buildConfigurationList = A7947E23193F6F6500610FD2 /* Build configuration list for PBXNativeTarget "MatchismoTests" */;
			buildPhases = (
				A7947E0B193F6F6500610FD2 /* Sources */,
				A7947E0C193F6F6500610FD2 /* Frameworks */,
				A7947E0D193F6F6500610FD2 /* Resources */,
			);
			buildRules = (
			);
			dependencies = (
				A7947E15193F6F6500610FD2 /* PBXTargetDependency */,
			);
			name = MatchismoTests;
			productName = MatchismoTests;
			productReference = A7947E0F193F6F6500610FD2 /* MatchismoTests.xctest */;
			productType = "com.apple.product-type.bundle.unit-test";
		};
/* End PBXNativeTarget section */

/* Begin PBXProject section */
		A7947DE6193F6F6500610FD2 /* Project object */ = {
			isa = PBXProject;
			attributes = {
				CLASSPREFIX = CardGame;
				LastUpgradeCheck = 0510;
				ORGANIZATIONNAME = CS193p;
				TargetAttributes = {
					A7947E0E193F6F6500610FD2 = {
						TestTargetID = A7947DED193F6F6500610FD2;
					};
				};
			};
			buildConfigurationList = A7947DE9193F6F6500610FD2 /* Build configuration list for PBXProject "Matchismo" */;
			compatibilityVersion = "Xcode 3.2";
			developmentRegion = English;
			hasScannedForEncodings = 0;
			knownRegions = (
				en,
				Base,
			);
			mainGroup = A7947DE5193F6F6500610FD2;
			productRefGroup = A7947DEF193F6F6500610FD2 /* Products */;
			projectDirPath = "";
			projectRoot = "";
			targets = (
				A7947DED193F6F6500610FD2 /* Matchismo */,
				A7947E0E193F6F6500610FD2 /* MatchismoTests */,
			);
		};
/* End PBXProject section */

/* Begin PBXResourcesBuildPhase section */
		A7947DEC193F6F6500610FD2 /* Resources */ = {
			isa = PBXResourcesBuildPhase;
			buildActionMask = 2147483647;
			files = (
				A7947E0A193F6F6500610FD2 /* Images.xcassets in Resources */,
				A7947DFC193F6F6500610FD2 /* InfoPlist.strings in Resources */,
				A7947E05193F6F6500610FD2 /* Main.storyboard in Resources */,
			);
			runOnlyForDeploymentPostprocessing = 0;
		};
		A7947E0D193F6F6500610FD2 /* Resources */ = {
			isa = PBXResourcesBuildPhase;
			buildActionMask = 2147483647;
			files = (
				A7947E1B193F6F6500610FD2 /* InfoPlist.strings in Resources */,
			);
			runOnlyForDeploymentPostprocessing = 0;
		};
/* End PBXResourcesBuildPhase section */

/* Begin PBXSourcesBuildPhase section */
		A7947DEA193F6F6500610FD2 /* Sources */ = {
			isa = PBXSourcesBuildPhase;
			buildActionMask = 2147483647;
			files = (
				A7947E02193F6F6500610FD2 /* CardGameAppDelegate.m in Sources */,
				A7947E08193F6F6500610FD2 /* CardGameViewController.m in Sources */,
				A7947DFE193F6F6500610FD2 /* main.m in Sources */,
				A7947EEF193FDAB200610FD2 /* PlayingCard.m in Sources */,
				A7947EF2194011A000610FD2 /* Deck.m in Sources */,
				A7947E28193F85D800610FD2 /* Card.m in Sources */,
			);
			runOnlyForDeploymentPostprocessing = 0;
		};
		A7947E0B193F6F6500610FD2 /* Sources */ = {
			isa = PBXSourcesBuildPhase;
			buildActionMask = 2147483647;
			files = (
				A7947E1D193F6F6500610FD2 /* MatchismoTests.m in Sources */,
			);
			runOnlyForDeploymentPostprocessing = 0;
		};
/* End PBXSourcesBuildPhase section */

/* Begin PBXTargetDependency section */
		A7947E15193F6F6500610FD2 /* PBXTargetDependency */ = {
			isa = PBXTargetDependency;
			target = A7947DED193F6F6500610FD2 /* Matchismo */;
			targetProxy = A7947E14193F6F6500610FD2 /* PBXContainerItemProxy */;
		};
/* End PBXTargetDependency section */

/* Begin PBXVariantGroup section */
		A7947DFA193F6F6500610FD2 /* InfoPlist.strings */ = {
			isa = PBXVariantGroup;
			children = (
				A7947DFB193F6F6500610FD2 /* en */,
			);
			name = InfoPlist.strings;
			sourceTree = "<group>";
		};
		A7947E03193F6F6500610FD2 /* Main.storyboard */ = {
			isa = PBXVariantGroup;
			children = (
				A7947E04193F6F6500610FD2 /* Base */,
			);
			name = Main.storyboard;
			sourceTree = "<group>";
		};
		A7947E19193F6F6500610FD2 /* InfoPlist.strings */ = {
			isa = PBXVariantGroup;
			children = (
				A7947E1A193F6F6500610FD2 /* en */,
			);
			name = InfoPlist.strings;
			sourceTree = "<group>";
		};
/* End PBXVariantGroup section */

/* Begin XCBuildConfiguration section */
		A7947E1E193F6F6500610FD2 /* Debug */ = {
			isa = XCBuildConfiguration;
			buildSettings = {
				ALWAYS_SEARCH_USER_PATHS = NO;
				CLANG_CXX_LANGUAGE_STANDARD = "gnu++0x";
				CLANG_CXX_LIBRARY = "libc++";
				CLANG_ENABLE_MODULES = YES;
				CLANG_ENABLE_OBJC_ARC = YES;
				CLANG_WARN_BOOL_CONVERSION = YES;
				CLANG_WARN_CONSTANT_CONVERSION = YES;
				CLANG_WARN_DIRECT_OBJC_ISA_USAGE = YES_ERROR;
				CLANG_WARN_EMPTY_BODY = YES;
				CLANG_WARN_ENUM_CONVERSION = YES;
				CLANG_WARN_INT_CONVERSION = YES;
				CLANG_WARN_OBJC_ROOT_CLASS = YES_ERROR;
				CLANG_WARN__DUPLICATE_METHOD_MATCH = YES;
				"CODE_SIGN_IDENTITY[sdk=iphoneos*]" = "iPhone Developer";
				COPY_PHASE_STRIP = NO;
				GCC_C_LANGUAGE_STANDARD = gnu99;
				GCC_DYNAMIC_NO_PIC = NO;
				GCC_OPTIMIZATION_LEVEL = 0;
				GCC_PREPROCESSOR_DEFINITIONS = (
					"DEBUG=1",
					"$(inherited)",
				);
				GCC_SYMBOLS_PRIVATE_EXTERN = NO;
				GCC_WARN_64_TO_32_BIT_CONVERSION = YES;
				GCC_WARN_ABOUT_RETURN_TYPE = YES_ERROR;
				GCC_WARN_UNDECLARED_SELECTOR = YES;
				GCC_WARN_UNINITIALIZED_AUTOS = YES_AGGRESSIVE;
				GCC_WARN_UNUSED_FUNCTION = YES;
				GCC_WARN_UNUSED_VARIABLE = YES;
				IPHONEOS_DEPLOYMENT_TARGET = 7.1;
				ONLY_ACTIVE_ARCH = YES;
				SDKROOT = iphoneos;
			};
			name = Debug;
		};
		A7947E1F193F6F6500610FD2 /* Release */ = {
			isa = XCBuildConfiguration;
			buildSettings = {
				ALWAYS_SEARCH_USER_PATHS = NO;
				CLANG_CXX_LANGUAGE_STANDARD = "gnu++0x";
				CLANG_CXX_LIBRARY = "libc++";
				CLANG_ENABLE_MODULES = YES;
				CLANG_ENABLE_OBJC_ARC = YES;
				CLANG_WARN_BOOL_CONVERSION = YES;
				CLANG_WARN_CONSTANT_CONVERSION = YES;
				CLANG_WARN_DIRECT_OBJC_ISA_USAGE = YES_ERROR;
				CLANG_WARN_EMPTY_BODY = YES;
				CLANG_WARN_ENUM_CONVERSION = YES;
				CLANG_WARN_INT_CONVERSION = YES;
				CLANG_WARN_OBJC_ROOT_CLASS = YES_ERROR;
				CLANG_WARN__DUPLICATE_METHOD_MATCH = YES;
				"CODE_SIGN_IDENTITY[sdk=iphoneos*]" = "iPhone Developer";
				COPY_PHASE_STRIP = YES;
				ENABLE_NS_ASSERTIONS = NO;
				GCC_C_LANGUAGE_STANDARD = gnu99;
				GCC_WARN_64_TO_32_BIT_CONVERSION = YES;
				GCC_WARN_ABOUT_RETURN_TYPE = YES_ERROR;
				GCC_WARN_UNDECLARED_SELECTOR = YES;
				GCC_WARN_UNINITIALIZED_AUTOS = YES_AGGRESSIVE;
				GCC_WARN_UNUSED_FUNCTION = YES;
				GCC_WARN_UNUSED_VARIABLE = YES;
				IPHONEOS_DEPLOYMENT_TARGET = 7.1;
				SDKROOT = iphoneos;
				VALIDATE_PRODUCT = YES;
			};
			name = Release;
		};
		A7947E21193F6F6500610FD2 /* Debug */ = {
			isa = XCBuildConfiguration;
			buildSettings = {
				ASSETCATALOG_COMPILER_APPICON_NAME = AppIcon;
				ASSETCATALOG_COMPILER_LAUNCHIMAGE_NAME = LaunchImage;
				GCC_PRECOMPILE_PREFIX_HEADER = YES;
				GCC_PREFIX_HEADER = "Matchismo/Matchismo-Prefix.pch";
				INFOPLIST_FILE = "Matchismo/Matchismo-Info.plist";
				PRODUCT_NAME = "$(TARGET_NAME)";
				WRAPPER_EXTENSION = app;
			};
			name = Debug;
		};
		A7947E22193F6F6500610FD2 /* Release */ = {
			isa = XCBuildConfiguration;
			buildSettings = {
				ASSETCATALOG_COMPILER_APPICON_NAME = AppIcon;
				ASSETCATALOG_COMPILER_LAUNCHIMAGE_NAME = LaunchImage;
				GCC_PRECOMPILE_PREFIX_HEADER = YES;
				GCC_PREFIX_HEADER = "Matchismo/Matchismo-Prefix.pch";
				INFOPLIST_FILE = "Matchismo/Matchismo-Info.plist";
				PRODUCT_NAME = "$(TARGET_NAME)";
				WRAPPER_EXTENSION = app;
			};
			name = Release;
		};
		A7947E24193F6F6500610FD2 /* Debug */ = {
			isa = XCBuildConfiguration;
			buildSettings = {
				BUNDLE_LOADER = "$(BUILT_PRODUCTS_DIR)/Matchismo.app/Matchismo";
				FRAMEWORK_SEARCH_PATHS = (
					"$(SDKROOT)/Developer/Library/Frameworks",
					"$(inherited)",
					"$(DEVELOPER_FRAMEWORKS_DIR)",
				);
				GCC_PRECOMPILE_PREFIX_HEADER = YES;
				GCC_PREFIX_HEADER = "Matchismo/Matchismo-Prefix.pch";
				GCC_PREPROCESSOR_DEFINITIONS = (
					"DEBUG=1",
					"$(inherited)",
				);
				INFOPLIST_FILE = "MatchismoTests/MatchismoTests-Info.plist";
				PRODUCT_NAME = "$(TARGET_NAME)";
				TEST_HOST = "$(BUNDLE_LOADER)";
				WRAPPER_EXTENSION = xctest;
			};
			name = Debug;
		};
		A7947E25193F6F6500610FD2 /* Release */ = {
			isa = XCBuildConfiguration;
			buildSettings = {
				BUNDLE_LOADER = "$(BUILT_PRODUCTS_DIR)/Matchismo.app/Matchismo";
				FRAMEWORK_SEARCH_PATHS = (
					"$(SDKROOT)/Developer/Library/Frameworks",
					"$(inherited)",
					"$(DEVELOPER_FRAMEWORKS_DIR)",
				);
				GCC_PRECOMPILE_PREFIX_HEADER = YES;
				GCC_PREFIX_HEADER = "Matchismo/Matchismo-Prefix.pch";
				INFOPLIST_FILE = "MatchismoTests/MatchismoTests-Info.plist";
				PRODUCT_NAME = "$(TARGET_NAME)";
				TEST_HOST = "$(BUNDLE_LOADER)";
				WRAPPER_EXTENSION = xctest;
			};
			name = Release;
		};
/* End XCBuildConfiguration section */

/* Begin XCConfigurationList section */
		A7947DE9193F6F6500610FD2 /* Build configuration list for PBXProject "Matchismo" */ = {
			isa = XCConfigurationList;
			buildConfigurations = (
				A7947E1E193F6F6500610FD2 /* Debug */,
				A7947E1F193F6F6500610FD2 /* Release */,
			);
			defaultConfigurationIsVisible = 0;
			defaultConfigurationName = Release;
		};
		A7947E20193F6F6500610FD2 /* Build configuration list for PBXNativeTarget "Matchismo" */ = {
			isa = XCConfigurationList;
			buildConfigurations = (
				A7947E21193F6F6500610FD2 /* Debug */,
				A7947E22193F6F6500610FD2 /* Release */,
			);
			defaultConfigurationIsVisible = 0;
			defaultConfigurationName = Release;
		};
		A7947E23193F6F6500610FD2 /* Build configuration list for PBXNativeTarget "MatchismoTests" */ = {
			isa = XCConfigurationList;
			buildConfigurations = (
				A7947E24193F6F6500610FD2 /* Debug */,
				A7947E25193F6F6500610FD2 /* Release */,
			);
			defaultConfigurationIsVisible = 0;
			defaultConfigurationName = Release;
		};
/* End XCConfigurationList section */
	};
	rootObject = A7947DE6193F6F6500610FD2 /* Project object */;
}
